
Microsoft Visual Studio Solution File, Format Version 12.00
# Visual Studio Version 16
VisualStudioVersion = 16.0.31613.86
MinimumVisualStudioVersion = 10.0.40219.1
Project("{FAE04EC0-301F-11D3-BF4B-00C04F79EFBC}") = "getOutstandingInvoices", "getOutstandingInvoices\getOutstandingInvoices.csproj", "{422BE316-E514-4E4D-88E0-BDB9EBA5909E}"
EndProject
Global
	GlobalSection(SolutionConfigurationPlatforms) = preSolution
		Debug|Any CPU = Debug|Any CPU
		Release|Any CPU = Release|Any CPU
	EndGlobalSection
	GlobalSection(ProjectConfigurationPlatforms) = postSolution
		{422BE316-E514-4E4D-88E0-BDB9EBA5909E}.Debug|Any CPU.ActiveCfg = Debug|Any CPU
		{422BE316-E514-4E4D-88E0-BDB9EBA5909E}.Debug|Any CPU.Build.0 = Debug|Any CPU
		{422BE316-E514-4E4D-88E0-BDB9EBA5909E}.Release|Any CPU.ActiveCfg = Release|Any CPU
		{422BE316-E514-4E4D-88E0-BDB9EBA5909E}.Release|Any CPU.Build.0 = Release|Any CPU
	EndGlobalSection
	GlobalSection(SolutionProperties) = preSolution
		HideSolutionNode = FALSE
	EndGlobalSection
	GlobalSection(ExtensibilityGlobals) = postSolution
		SolutionGuid = {9C985E1B-552B-4CFC-B578-7F5EEB47C6E9}
	EndGlobalSection
EndGlobal
